
Microsoft Visual Studio Solution File, Format Version 12.00
# Visual Studio Version 17
VisualStudioVersion = 17.12.35514.174
MinimumVisualStudioVersion = 10.0.40219.1
Project("{8BC9CEB8-8B4A-11D0-8D11-00A0C91BC942}") = "ContainsDuplicate", "ContainsDuplicate\ContainsDuplicate.vcxproj", "{B8DC2FB6-4AFB-4946-A48E-A802B183BFEA}"
EndProject
Project("{8BC9CEB8-8B4A-11D0-8D11-00A0C91BC942}") = "ValidAnagram", "ValidAnagram\ValidAnagram.vcxproj", "{56F286FB-E739-4A26-8384-9CD8D5B4FEEA}"
EndProject
Project("{2150E333-8FDC-42A3-9474-1A3956D46DE8}") = "Arrays&Hashing", "Arrays&Hashing", "{FEBE521C-94E5-4761-B6A3-61EE45078138}"
EndProject
Project("{8BC9CEB8-8B4A-11D0-8D11-00A0C91BC942}") = "TwoSum", "TwoSum\TwoSum.vcxproj", "{32833557-09CC-4A91-979D-BD331D5A98A4}"
EndProject
Project("{8BC9CEB8-8B4A-11D0-8D11-00A0C91BC942}") = "GroupAnagrams", "GroupAnagrams\GroupAnagrams.vcxproj", "{5C2B542C-6212-4FFF-9B15-43AD370B348C}"
EndProject
Project("{8BC9CEB8-8B4A-11D0-8D11-00A0C91BC942}") = "TopKFrequentElements", "TopKFrequentElements\TopKFrequentElements.vcxproj", "{C4C79F5B-2A16-440B-B7BB-15C68822F7F7}"
EndProject
Project("{8BC9CEB8-8B4A-11D0-8D11-00A0C91BC942}") = "EncodeAndDecodeStrings", "EncodeAndDecodeStrings\EncodeAndDecodeStrings.vcxproj", "{C84CF191-B091-4296-9A1C-DCBA5041AFA2}"
EndProject
Project("{8BC9CEB8-8B4A-11D0-8D11-00A0C91BC942}") = "ProductsOfArrayExceptSelf", "ProductsOfArrayExceptSelf\ProductsOfArrayExceptSelf.vcxproj", "{A6A82547-3FFF-4FD1-B4A1-08140C88833D}"
EndProject
Project("{8BC9CEB8-8B4A-11D0-8D11-00A0C91BC942}") = "ValidSudoku", "ValidSudoku\ValidSudoku.vcxproj", "{15CAB485-3919-48FC-AC49-454672FAA983}"
EndProject
Project("{8BC9CEB8-8B4A-11D0-8D11-00A0C91BC942}") = "LongestConsecutiveSequence", "LongestConsecutiveSequence\LongestConsecutiveSequence.vcxproj", "{B78C63A7-D888-455D-93D8-224D12C1091D}"
EndProject
Global
	GlobalSection(SolutionConfigurationPlatforms) = preSolution
		Debug|x64 = Debug|x64
		Debug|x86 = Debug|x86
		Release|x64 = Release|x64
		Release|x86 = Release|x86
	EndGlobalSection
	GlobalSection(ProjectConfigurationPlatforms) = postSolution
		{B8DC2FB6-4AFB-4946-A48E-A802B183BFEA}.Debug|x64.ActiveCfg = Debug|x64
		{B8DC2FB6-4AFB-4946-A48E-A802B183BFEA}.Debug|x64.Build.0 = Debug|x64
		{B8DC2FB6-4AFB-4946-A48E-A802B183BFEA}.Debug|x86.ActiveCfg = Debug|Win32
		{B8DC2FB6-4AFB-4946-A48E-A802B183BFEA}.Debug|x86.Build.0 = Debug|Win32
		{B8DC2FB6-4AFB-4946-A48E-A802B183BFEA}.Release|x64.ActiveCfg = Release|x64
		{B8DC2FB6-4AFB-4946-A48E-A802B183BFEA}.Release|x64.Build.0 = Release|x64
		{B8DC2FB6-4AFB-4946-A48E-A802B183BFEA}.Release|x86.ActiveCfg = Release|Win32
		{B8DC2FB6-4AFB-4946-A48E-A802B183BFEA}.Release|x86.Build.0 = Release|Win32
		{56F286FB-E739-4A26-8384-9CD8D5B4FEEA}.Debug|x64.ActiveCfg = Debug|x64
		{56F286FB-E739-4A26-8384-9CD8D5B4FEEA}.Debug|x64.Build.0 = Debug|x64
		{56F286FB-E739-4A26-8384-9CD8D5B4FEEA}.Debug|x86.ActiveCfg = Debug|Win32
		{56F286FB-E739-4A26-8384-9CD8D5B4FEEA}.Debug|x86.Build.0 = Debug|Win32
		{56F286FB-E739-4A26-8384-9CD8D5B4FEEA}.Release|x64.ActiveCfg = Release|x64
		{56F286FB-E739-4A26-8384-9CD8D5B4FEEA}.Release|x64.Build.0 = Release|x64
		{56F286FB-E739-4A26-8384-9CD8D5B4FEEA}.Release|x86.ActiveCfg = Release|Win32
		{56F286FB-E739-4A26-8384-9CD8D5B4FEEA}.Release|x86.Build.0 = Release|Win32
		{32833557-09CC-4A91-979D-BD331D5A98A4}.Debug|x64.ActiveCfg = Debug|x64
		{32833557-09CC-4A91-979D-BD331D5A98A4}.Debug|x64.Build.0 = Debug|x64
		{32833557-09CC-4A91-979D-BD331D5A98A4}.Debug|x86.ActiveCfg = Debug|Win32
		{32833557-09CC-4A91-979D-BD331D5A98A4}.Debug|x86.Build.0 = Debug|Win32
		{32833557-09CC-4A91-979D-BD331D5A98A4}.Release|x64.ActiveCfg = Release|x64
		{32833557-09CC-4A91-979D-BD331D5A98A4}.Release|x64.Build.0 = Release|x64
		{32833557-09CC-4A91-979D-BD331D5A98A4}.Release|x86.ActiveCfg = Release|Win32
		{32833557-09CC-4A91-979D-BD331D5A98A4}.Release|x86.Build.0 = Release|Win32
		{5C2B542C-6212-4FFF-9B15-43AD370B348C}.Debug|x64.ActiveCfg = Debug|x64
		{5C2B542C-6212-4FFF-9B15-43AD370B348C}.Debug|x64.Build.0 = Debug|x64
		{5C2B542C-6212-4FFF-9B15-43AD370B348C}.Debug|x86.ActiveCfg = Debug|Win32
		{5C2B542C-6212-4FFF-9B15-43AD370B348C}.Debug|x86.Build.0 = Debug|Win32
		{5C2B542C-6212-4FFF-9B15-43AD370B348C}.Release|x64.ActiveCfg = Release|x64
		{5C2B542C-6212-4FFF-9B15-43AD370B348C}.Release|x64.Build.0 = Release|x64
		{5C2B542C-6212-4FFF-9B15-43AD370B348C}.Release|x86.ActiveCfg = Release|Win32
		{5C2B542C-6212-4FFF-9B15-43AD370B348C}.Release|x86.Build.0 = Release|Win32
		{C4C79F5B-2A16-440B-B7BB-15C68822F7F7}.Debug|x64.ActiveCfg = Debug|x64
		{C4C79F5B-2A16-440B-B7BB-15C68822F7F7}.Debug|x64.Build.0 = Debug|x64
		{C4C79F5B-2A16-440B-B7BB-15C68822F7F7}.Debug|x86.ActiveCfg = Debug|Win32
		{C4C79F5B-2A16-440B-B7BB-15C68822F7F7}.Debug|x86.Build.0 = Debug|Win32
		{C4C79F5B-2A16-440B-B7BB-15C68822F7F7}.Release|x64.ActiveCfg = Release|x64
		{C4C79F5B-2A16-440B-B7BB-15C68822F7F7}.Release|x64.Build.0 = Release|x64
		{C4C79F5B-2A16-440B-B7BB-15C68822F7F7}.Release|x86.ActiveCfg = Release|Win32
		{C4C79F5B-2A16-440B-B7BB-15C68822F7F7}.Release|x86.Build.0 = Release|Win32
		{C84CF191-B091-4296-9A1C-DCBA5041AFA2}.Debug|x64.ActiveCfg = Debug|x64
		{C84CF191-B091-4296-9A1C-DCBA5041AFA2}.Debug|x64.Build.0 = Debug|x64
		{C84CF191-B091-4296-9A1C-DCBA5041AFA2}.Debug|x86.ActiveCfg = Debug|Win32
		{C84CF191-B091-4296-9A1C-DCBA5041AFA2}.Debug|x86.Build.0 = Debug|Win32
		{C84CF191-B091-4296-9A1C-DCBA5041AFA2}.Release|x64.ActiveCfg = Release|x64
		{C84CF191-B091-4296-9A1C-DCBA5041AFA2}.Release|x64.Build.0 = Release|x64
		{C84CF191-B091-4296-9A1C-DCBA5041AFA2}.Release|x86.ActiveCfg = Release|Win32
		{C84CF191-B091-4296-9A1C-DCBA5041AFA2}.Release|x86.Build.0 = Release|Win32
		{A6A82547-3FFF-4FD1-B4A1-08140C88833D}.Debug|x64.ActiveCfg = Debug|x64
		{A6A82547-3FFF-4FD1-B4A1-08140C88833D}.Debug|x64.Build.0 = Debug|x64
		{A6A82547-3FFF-4FD1-B4A1-08140C88833D}.Debug|x86.ActiveCfg = Debug|Win32
		{A6A82547-3FFF-4FD1-B4A1-08140C88833D}.Debug|x86.Build.0 = Debug|Win32
		{A6A82547-3FFF-4FD1-B4A1-08140C88833D}.Release|x64.ActiveCfg = Release|x64
		{A6A82547-3FFF-4FD1-B4A1-08140C88833D}.Release|x64.Build.0 = Release|x64
		{A6A82547-3FFF-4FD1-B4A1-08140C88833D}.Release|x86.ActiveCfg = Release|Win32
		{A6A82547-3FFF-4FD1-B4A1-08140C88833D}.Release|x86.Build.0 = Release|Win32
		{15CAB485-3919-48FC-AC49-454672FAA983}.Debug|x64.ActiveCfg = Debug|x64
		{15CAB485-3919-48FC-AC49-454672FAA983}.Debug|x64.Build.0 = Debug|x64
		{15CAB485-3919-48FC-AC49-454672FAA983}.Debug|x86.ActiveCfg = Debug|Win32
		{15CAB485-3919-48FC-AC49-454672FAA983}.Debug|x86.Build.0 = Debug|Win32
		{15CAB485-3919-48FC-AC49-454672FAA983}.Release|x64.ActiveCfg = Release|x64
		{15CAB485-3919-48FC-AC49-454672FAA983}.Release|x64.Build.0 = Release|x64
		{15CAB485-3919-48FC-AC49-454672FAA983}.Release|x86.ActiveCfg = Release|Win32
		{15CAB485-3919-48FC-AC49-454672FAA983}.Release|x86.Build.0 = Release|Win32
		{B78C63A7-D888-455D-93D8-224D12C1091D}.Debug|x64.ActiveCfg = Debug|x64
		{B78C63A7-D888-455D-93D8-224D12C1091D}.Debug|x64.Build.0 = Debug|x64
		{B78C63A7-D888-455D-93D8-224D12C1091D}.Debug|x86.ActiveCfg = Debug|Win32
		{B78C63A7-D888-455D-93D8-224D12C1091D}.Debug|x86.Build.0 = Debug|Win32
		{B78C63A7-D888-455D-93D8-224D12C1091D}.Release|x64.ActiveCfg = Release|x64
		{B78C63A7-D888-455D-93D8-224D12C1091D}.Release|x64.Build.0 = Release|x64
		{B78C63A7-D888-455D-93D8-224D12C1091D}.Release|x86.ActiveCfg = Release|Win32
		{B78C63A7-D888-455D-93D8-224D12C1091D}.Release|x86.Build.0 = Release|Win32
	EndGlobalSection
	GlobalSection(SolutionProperties) = preSolution
		HideSolutionNode = FALSE
	EndGlobalSection
	GlobalSection(NestedProjects) = preSolution
		{B8DC2FB6-4AFB-4946-A48E-A802B183BFEA} = {FEBE521C-94E5-4761-B6A3-61EE45078138}
		{56F286FB-E739-4A26-8384-9CD8D5B4FEEA} = {FEBE521C-94E5-4761-B6A3-61EE45078138}
		{32833557-09CC-4A91-979D-BD331D5A98A4} = {FEBE521C-94E5-4761-B6A3-61EE45078138}
		{5C2B542C-6212-4FFF-9B15-43AD370B348C} = {FEBE521C-94E5-4761-B6A3-61EE45078138}
		{C4C79F5B-2A16-440B-B7BB-15C68822F7F7} = {FEBE521C-94E5-4761-B6A3-61EE45078138}
		{C84CF191-B091-4296-9A1C-DCBA5041AFA2} = {FEBE521C-94E5-4761-B6A3-61EE45078138}
		{A6A82547-3FFF-4FD1-B4A1-08140C88833D} = {FEBE521C-94E5-4761-B6A3-61EE45078138}
		{15CAB485-3919-48FC-AC49-454672FAA983} = {FEBE521C-94E5-4761-B6A3-61EE45078138}
		{B78C63A7-D888-455D-93D8-224D12C1091D} = {FEBE521C-94E5-4761-B6A3-61EE45078138}
	EndGlobalSection
	GlobalSection(ExtensibilityGlobals) = postSolution
		SolutionGuid = {282FA4F8-FAB6-4680-B4C7-F4406F1EF4F4}
	EndGlobalSection
EndGlobal
