
Microsoft Visual Studio Solution File, Format Version 12.00
# Visual Studio Version 17
VisualStudioVersion = 17.12.35514.174
MinimumVisualStudioVersion = 10.0.40219.1
Project("{8BC9CEB8-8B4A-11D0-8D11-00A0C91BC942}") = "ContainsDuplicate", "ContainsDuplicate\ContainsDuplicate.vcxproj", "{B8DC2FB6-4AFB-4946-A48E-A802B183BFEA}"
EndProject
Project("{8BC9CEB8-8B4A-11D0-8D11-00A0C91BC942}") = "ValidAnagram", "ValidAnagram\ValidAnagram.vcxproj", "{56F286FB-E739-4A26-8384-9CD8D5B4FEEA}"
EndProject
Project("{2150E333-8FDC-42A3-9474-1A3956D46DE8}") = "Arrays&Hashing", "Arrays&Hashing", "{FEBE521C-94E5-4761-B6A3-61EE45078138}"
EndProject
Project("{8BC9CEB8-8B4A-11D0-8D11-00A0C91BC942}") = "TwoSum", "TwoSum\TwoSum.vcxproj", "{32833557-09CC-4A91-979D-BD331D5A98A4}"
EndProject
Project("{8BC9CEB8-8B4A-11D0-8D11-00A0C91BC942}") = "GroupAnagrams", "GroupAnagrams\GroupAnagrams.vcxproj", "{5C2B542C-6212-4FFF-9B15-43AD370B348C}"
EndProject
Project("{8BC9CEB8-8B4A-11D0-8D11-00A0C91BC942}") = "TopKFrequentElements", "TopKFrequentElements\TopKFrequentElements.vcxproj", "{C4C79F5B-2A16-440B-B7BB-15C68822F7F7}"
EndProject
Project("{8BC9CEB8-8B4A-11D0-8D11-00A0C91BC942}") = "EncodeAndDecodeStrings", "EncodeAndDecodeStrings\EncodeAndDecodeStrings.vcxproj", "{C84CF191-B091-4296-9A1C-DCBA5041AFA2}"
EndProject
Project("{8BC9CEB8-8B4A-11D0-8D11-00A0C91BC942}") = "ProductsOfArrayExceptSelf", "ProductsOfArrayExceptSelf\ProductsOfArrayExceptSelf.vcxproj", "{A6A82547-3FFF-4FD1-B4A1-08140C88833D}"
EndProject
Project("{8BC9CEB8-8B4A-11D0-8D11-00A0C91BC942}") = "ValidSudoku", "ValidSudoku\ValidSudoku.vcxproj", "{15CAB485-3919-48FC-AC49-454672FAA983}"
EndProject
Project("{8BC9CEB8-8B4A-11D0-8D11-00A0C91BC942}") = "LongestConsecutiveSequence", "LongestConsecutiveSequence\LongestConsecutiveSequence.vcxproj", "{B78C63A7-D888-455D-93D8-224D12C1091D}"
EndProject
Project("{8BC9CEB8-8B4A-11D0-8D11-00A0C91BC942}") = "ValidPalindrome", "ValidPalindrome\ValidPalindrome.vcxproj", "{9E346890-6FB3-4948-A51D-67194AA22DEE}"
EndProject
Project("{2150E333-8FDC-42A3-9474-1A3956D46DE8}") = "Two Pointers", "Two Pointers", "{36D591C7-65C7-A0D1-1CBC-10CDE441BDC8}"
EndProject
Project("{8BC9CEB8-8B4A-11D0-8D11-00A0C91BC942}") = "TwoIntegerSum2", "TwoIntegerSum2\TwoIntegerSum2.vcxproj", "{2B32CD8E-C407-42CD-B5CE-EC0644565349}"
EndProject
Project("{8BC9CEB8-8B4A-11D0-8D11-00A0C91BC942}") = "3Sum", "3Sum\3Sum.vcxproj", "{80A7BADF-33B2-42F6-986F-A6FC78B3D748}"
EndProject
Project("{8BC9CEB8-8B4A-11D0-8D11-00A0C91BC942}") = "ContainerWithMostWater", "ContainerWithMostWater\ContainerWithMostWater.vcxproj", "{68306E71-4520-4F1A-A6AB-7A3CD3399D25}"
EndProject
Project("{2150E333-8FDC-42A3-9474-1A3956D46DE8}") = "Stack", "Stack", "{532CDBE8-DB18-4BF9-89DD-5BEEF98A276F}"
EndProject
Project("{8BC9CEB8-8B4A-11D0-8D11-00A0C91BC942}") = "ValidParentheses", "ValidParentheses\ValidParentheses.vcxproj", "{1E3D7EA4-1C20-4DEA-945D-1C6CE6C9097C}"
EndProject
Project("{8BC9CEB8-8B4A-11D0-8D11-00A0C91BC942}") = "MinStack", "MinStack\MinStack.vcxproj", "{53133403-AFFF-4249-8954-380F13DB8FE5}"
EndProject
Project("{8BC9CEB8-8B4A-11D0-8D11-00A0C91BC942}") = "EvaluateReversePolishNotation", "EvaluateReversePolishNotation\EvaluateReversePolishNotation.vcxproj", "{B3F1F488-87ED-4FC2-9B77-F22219155A7D}"
EndProject
Project("{8BC9CEB8-8B4A-11D0-8D11-00A0C91BC942}") = "GenerateParentheses", "GenerateParentheses\GenerateParentheses.vcxproj", "{A4F4E502-C936-4424-B832-A78E655000F8}"
EndProject
Project("{8BC9CEB8-8B4A-11D0-8D11-00A0C91BC942}") = "DailyTemperatures", "DailyTemperatures\DailyTemperatures.vcxproj", "{F7229A6F-9FE7-4CB8-8297-09D541DE882B}"
EndProject
Project("{2150E333-8FDC-42A3-9474-1A3956D46DE8}") = "Binary search", "Binary search", "{841B3FDD-35D5-41F4-A76E-3F17179EE5FD}"
EndProject
Project("{8BC9CEB8-8B4A-11D0-8D11-00A0C91BC942}") = "BinarySearch", "BinarySearch\BinarySearch.vcxproj", "{130EA89F-D85D-4EE4-8627-202B55923780}"
EndProject
Project("{8BC9CEB8-8B4A-11D0-8D11-00A0C91BC942}") = "Search2DMatrix", "Search2DMatrix\Search2DMatrix.vcxproj", "{098B300F-B9E9-46D6-9121-106C4B3C59EF}"
EndProject
Project("{8BC9CEB8-8B4A-11D0-8D11-00A0C91BC942}") = "KokoEatingBananas", "KokoEatingBananas\KokoEatingBananas.vcxproj", "{F61F481A-9B09-4B7E-86B2-269B0DAC4D1E}"
EndProject
Project("{8BC9CEB8-8B4A-11D0-8D11-00A0C91BC942}") = "FindMin", "FindMin\FindMin.vcxproj", "{1828D33A-7FEA-4336-9816-814280602CFF}"
EndProject
Project("{8BC9CEB8-8B4A-11D0-8D11-00A0C91BC942}") = "TimeBasedKeyValueStore", "TimeBasedKeyValueStore\TimeBasedKeyValueStore.vcxproj", "{3B272F1F-68BB-45C4-9194-AFAB89908F98}"
EndProject
Project("{2150E333-8FDC-42A3-9474-1A3956D46DE8}") = "SlidingWindow", "SlidingWindow", "{ACCBD095-A079-4506-88AE-39C7E53D4D46}"
EndProject
Project("{8BC9CEB8-8B4A-11D0-8D11-00A0C91BC942}") = "BestTimeToBuyAndSellStock", "BestTimeToBuyAndSellStock\BestTimeToBuyAndSellStock.vcxproj", "{5B51CB22-4CF2-452D-AEF5-C5EE93A107E5}"
EndProject
Project("{8BC9CEB8-8B4A-11D0-8D11-00A0C91BC942}") = "LongestSubstringWithourRepeating", "LongestSubstringWithourRepeating\LongestSubstringWithourRepeating.vcxproj", "{5FC7C87E-8C02-4A3A-B072-C486B71DE05C}"
EndProject
Project("{8BC9CEB8-8B4A-11D0-8D11-00A0C91BC942}") = "SlidingWIndowMaximum", "SlidingWIndowMaximum\SlidingWIndowMaximum.vcxproj", "{ED0BCCE1-41D0-497E-8BA2-E865B374D786}"
EndProject
Project("{8BC9CEB8-8B4A-11D0-8D11-00A0C91BC942}") = "PermutationInString", "PermutationInString\PermutationInString.vcxproj", "{B9C3551B-2CBA-41D3-BED2-22DA0964D267}"
EndProject
Project("{2150E333-8FDC-42A3-9474-1A3956D46DE8}") = "Linked List", "Linked List", "{1F187DE0-C702-4A16-84EC-32E933B4B2DF}"
EndProject
Project("{8BC9CEB8-8B4A-11D0-8D11-00A0C91BC942}") = "ReverseLinkedList", "ReverseLinkedList\ReverseLinkedList.vcxproj", "{40D956ED-650E-4AC2-B537-F572414B9466}"
EndProject
Project("{8BC9CEB8-8B4A-11D0-8D11-00A0C91BC942}") = "MergeTwoSortedLinkedLists", "MergeTwoSortedLinkedLists\MergeTwoSortedLinkedLists.vcxproj", "{4EF4BB72-4405-4DA2-9D2D-49C608CEA312}"
EndProject
Project("{8BC9CEB8-8B4A-11D0-8D11-00A0C91BC942}") = "LinkedListCycleDetection", "LinkedListCycleDetection\LinkedListCycleDetection.vcxproj", "{FBEA6AED-8002-4A2B-BAAB-F7F3BFCDA37C}"
EndProject
Project("{8BC9CEB8-8B4A-11D0-8D11-00A0C91BC942}") = "RemoveNodeFromEndOfLinkedList", "RemoveNodeFromEndOfLinkedList\RemoveNodeFromEndOfLinkedList.vcxproj", "{1A2205FB-438A-4F7D-8369-FA5D586A9185}"
EndProject
Project("{8BC9CEB8-8B4A-11D0-8D11-00A0C91BC942}") = "AddTwoNumbers", "AddTwoNumbers\AddTwoNumbers.vcxproj", "{29C10840-15F3-4FDC-A0A9-F0EFDB1E7F36}"
EndProject
Project("{8BC9CEB8-8B4A-11D0-8D11-00A0C91BC942}") = "LRUCache", "LRUCache\LRUCache.vcxproj", "{3AA3BD49-12E6-4303-9ECF-0C139B4D7C42}"
EndProject
Project("{8BC9CEB8-8B4A-11D0-8D11-00A0C91BC942}") = "FindDuplicates", "FindDuplicates\FindDuplicates.vcxproj", "{17C338D8-D798-46EE-94B2-5C229D9EB93F}"
EndProject
Project("{8BC9CEB8-8B4A-11D0-8D11-00A0C91BC942}") = "InvertBinaryTree", "InvertBinaryTree\InvertBinaryTree.vcxproj", "{CA6B0E3B-5B6C-4670-8BD0-6DAFE6A16FCF}"
EndProject
Project("{2150E333-8FDC-42A3-9474-1A3956D46DE8}") = "Trees", "Trees", "{EEE6339D-DA4C-4CFE-A1ED-7EE8C55478D3}"
EndProject
Project("{8BC9CEB8-8B4A-11D0-8D11-00A0C91BC942}") = "MaximumDepthOfBinaryTree", "MaximumDepthOfBinaryTree\MaximumDepthOfBinaryTree.vcxproj", "{933B5FAE-6057-4A6A-9A8F-8A968EE817AF}"
EndProject
Project("{8BC9CEB8-8B4A-11D0-8D11-00A0C91BC942}") = "DiameterOfBinaryTree", "DiameterOfBinaryTree\DiameterOfBinaryTree.vcxproj", "{D6C46129-124F-49DB-B883-237562EC98AE}"
EndProject
Project("{8BC9CEB8-8B4A-11D0-8D11-00A0C91BC942}") = "BalancedBinaryTree", "BalancedBinaryTree\BalancedBinaryTree.vcxproj", "{A397C2E7-CB2F-47D5-A8EA-C15A984A5AC0}"
EndProject
Project("{8BC9CEB8-8B4A-11D0-8D11-00A0C91BC942}") = "SameBinaryTree", "SameBinaryTree\SameBinaryTree.vcxproj", "{CC90BD73-1475-43CD-88AF-190966506AF1}"
EndProject
Project("{8BC9CEB8-8B4A-11D0-8D11-00A0C91BC942}") = "LowestCommonAncestor", "LowestCommonAncestor\LowestCommonAncestor.vcxproj", "{E4378B1D-EA3A-4E74-B54F-C3608B219BAC}"
EndProject
Project("{8BC9CEB8-8B4A-11D0-8D11-00A0C91BC942}") = "BinaryTreeLevelOrderTraversal", "BinaryTreeLevelOrderTraversal\BinaryTreeLevelOrderTraversal.vcxproj", "{C1285B17-8384-4C79-AFF4-B2E02A3A6464}"
EndProject
Project("{8BC9CEB8-8B4A-11D0-8D11-00A0C91BC942}") = "BinaryTreeRightSideView", "BinaryTreeRightSideView\BinaryTreeRightSideView.vcxproj", "{BE3CC752-57B1-4402-AC6A-C4DF22CE5840}"
EndProject
Project("{8BC9CEB8-8B4A-11D0-8D11-00A0C91BC942}") = "KthSmallestIntegerInBST", "KthSmallestIntegerInBST\KthSmallestIntegerInBST.vcxproj", "{B0604E7E-9D73-49FA-B4C3-7BA7F717A934}"
EndProject
Project("{2150E333-8FDC-42A3-9474-1A3956D46DE8}") = "Trie", "Trie", "{584F4C00-36E3-41B0-A22D-D92DBE4EEF80}"
EndProject
Project("{8BC9CEB8-8B4A-11D0-8D11-00A0C91BC942}") = "TrieImplementation", "TrieImplementation\TrieImplementation.vcxproj", "{9DD09815-00E3-484E-BB90-ED8A6DF99960}"
EndProject
Project("{8BC9CEB8-8B4A-11D0-8D11-00A0C91BC942}") = "WordDataStructure", "WordDataStructure\WordDataStructure.vcxproj", "{7A5C8A52-0494-4156-944C-9892EB0E79C6}"
EndProject
Project("{2150E333-8FDC-42A3-9474-1A3956D46DE8}") = "Heap_PriorityQueue", "Heap_PriorityQueue", "{3C3DFB0D-28C9-46E8-957D-993EB453552B}"
EndProject
Project("{8BC9CEB8-8B4A-11D0-8D11-00A0C91BC942}") = "KthLargestElement", "KthLargestElement\KthLargestElement.vcxproj", "{BCC65F46-019F-4008-8F1E-A8DAFEC5B9B1}"
EndProject
Project("{8BC9CEB8-8B4A-11D0-8D11-00A0C91BC942}") = "LastStoneWeight", "LastStoneWeight\LastStoneWeight.vcxproj", "{337D2900-3833-438D-A79D-A4F2A8B6398C}"
EndProject
Project("{8BC9CEB8-8B4A-11D0-8D11-00A0C91BC942}") = "KthLargestElementInAnArray", "KthLargestElementInAnArray\KthLargestElementInAnArray.vcxproj", "{13845CA0-47BA-403F-9083-ABF930900AE1}"
EndProject
Project("{8BC9CEB8-8B4A-11D0-8D11-00A0C91BC942}") = "KClosestPointsToOrigin", "KClosestPointsToOrigin\KClosestPointsToOrigin.vcxproj", "{40A8CC26-DC58-467C-B737-311E2E98F66A}"
EndProject
Project("{2150E333-8FDC-42A3-9474-1A3956D46DE8}") = "Intervals", "Intervals", "{729D246F-A674-462F-A000-56E88EC3BEC0}"
EndProject
Project("{8BC9CEB8-8B4A-11D0-8D11-00A0C91BC942}") = "MeetingRooms", "MeetingRooms\MeetingRooms.vcxproj", "{1A66A6E1-7090-4935-BE5B-1DEAEE13588D}"
EndProject
Project("{8BC9CEB8-8B4A-11D0-8D11-00A0C91BC942}") = "InsertInterval", "InsertInterval\InsertInterval.vcxproj", "{B4B80856-6180-4021-91D6-976D12A7BAF5}"
EndProject
Project("{8BC9CEB8-8B4A-11D0-8D11-00A0C91BC942}") = "MergeIntervals", "MergeIntervals\MergeIntervals.vcxproj", "{56100F67-67B6-4A85-8104-CB64735022AC}"
EndProject
Project("{8BC9CEB8-8B4A-11D0-8D11-00A0C91BC942}") = "MaximumSubarray", "Greedy\Greedy.vcxproj", "{F1E37964-B5DF-4DA3-9030-D6A2814BF51B}"
EndProject
Project("{2150E333-8FDC-42A3-9474-1A3956D46DE8}") = "Greedy", "Greedy", "{2328DF3D-C411-4095-BBC0-E17A3631B19A}"
EndProject
Project("{2150E333-8FDC-42A3-9474-1A3956D46DE8}") = "Backtracking", "Backtracking", "{4E817D25-0EC6-4C17-9080-CF5BFDE643DD}"
EndProject
Project("{8BC9CEB8-8B4A-11D0-8D11-00A0C91BC942}") = "Subsets", "Subsets\Subsets.vcxproj", "{3DAFF8DB-49D0-4705-9D8E-41C7A4BC736A}"
EndProject
Project("{8BC9CEB8-8B4A-11D0-8D11-00A0C91BC942}") = "CombinationSum", "CombinationSum\CombinationSum.vcxproj", "{4573543E-2FD3-47DB-BF82-8346A99EDA77}"
EndProject
Global
	GlobalSection(SolutionConfigurationPlatforms) = preSolution
		Debug|x64 = Debug|x64
		Debug|x86 = Debug|x86
		Release|x64 = Release|x64
		Release|x86 = Release|x86
	EndGlobalSection
	GlobalSection(ProjectConfigurationPlatforms) = postSolution
		{B8DC2FB6-4AFB-4946-A48E-A802B183BFEA}.Debug|x64.ActiveCfg = Debug|x64
		{B8DC2FB6-4AFB-4946-A48E-A802B183BFEA}.Debug|x64.Build.0 = Debug|x64
		{B8DC2FB6-4AFB-4946-A48E-A802B183BFEA}.Debug|x86.ActiveCfg = Debug|Win32
		{B8DC2FB6-4AFB-4946-A48E-A802B183BFEA}.Debug|x86.Build.0 = Debug|Win32
		{B8DC2FB6-4AFB-4946-A48E-A802B183BFEA}.Release|x64.ActiveCfg = Release|x64
		{B8DC2FB6-4AFB-4946-A48E-A802B183BFEA}.Release|x64.Build.0 = Release|x64
		{B8DC2FB6-4AFB-4946-A48E-A802B183BFEA}.Release|x86.ActiveCfg = Release|Win32
		{B8DC2FB6-4AFB-4946-A48E-A802B183BFEA}.Release|x86.Build.0 = Release|Win32
		{56F286FB-E739-4A26-8384-9CD8D5B4FEEA}.Debug|x64.ActiveCfg = Debug|x64
		{56F286FB-E739-4A26-8384-9CD8D5B4FEEA}.Debug|x64.Build.0 = Debug|x64
		{56F286FB-E739-4A26-8384-9CD8D5B4FEEA}.Debug|x86.ActiveCfg = Debug|Win32
		{56F286FB-E739-4A26-8384-9CD8D5B4FEEA}.Debug|x86.Build.0 = Debug|Win32
		{56F286FB-E739-4A26-8384-9CD8D5B4FEEA}.Release|x64.ActiveCfg = Release|x64
		{56F286FB-E739-4A26-8384-9CD8D5B4FEEA}.Release|x64.Build.0 = Release|x64
		{56F286FB-E739-4A26-8384-9CD8D5B4FEEA}.Release|x86.ActiveCfg = Release|Win32
		{56F286FB-E739-4A26-8384-9CD8D5B4FEEA}.Release|x86.Build.0 = Release|Win32
		{32833557-09CC-4A91-979D-BD331D5A98A4}.Debug|x64.ActiveCfg = Debug|x64
		{32833557-09CC-4A91-979D-BD331D5A98A4}.Debug|x64.Build.0 = Debug|x64
		{32833557-09CC-4A91-979D-BD331D5A98A4}.Debug|x86.ActiveCfg = Debug|Win32
		{32833557-09CC-4A91-979D-BD331D5A98A4}.Debug|x86.Build.0 = Debug|Win32
		{32833557-09CC-4A91-979D-BD331D5A98A4}.Release|x64.ActiveCfg = Release|x64
		{32833557-09CC-4A91-979D-BD331D5A98A4}.Release|x64.Build.0 = Release|x64
		{32833557-09CC-4A91-979D-BD331D5A98A4}.Release|x86.ActiveCfg = Release|Win32
		{32833557-09CC-4A91-979D-BD331D5A98A4}.Release|x86.Build.0 = Release|Win32
		{5C2B542C-6212-4FFF-9B15-43AD370B348C}.Debug|x64.ActiveCfg = Debug|x64
		{5C2B542C-6212-4FFF-9B15-43AD370B348C}.Debug|x64.Build.0 = Debug|x64
		{5C2B542C-6212-4FFF-9B15-43AD370B348C}.Debug|x86.ActiveCfg = Debug|Win32
		{5C2B542C-6212-4FFF-9B15-43AD370B348C}.Debug|x86.Build.0 = Debug|Win32
		{5C2B542C-6212-4FFF-9B15-43AD370B348C}.Release|x64.ActiveCfg = Release|x64
		{5C2B542C-6212-4FFF-9B15-43AD370B348C}.Release|x64.Build.0 = Release|x64
		{5C2B542C-6212-4FFF-9B15-43AD370B348C}.Release|x86.ActiveCfg = Release|Win32
		{5C2B542C-6212-4FFF-9B15-43AD370B348C}.Release|x86.Build.0 = Release|Win32
		{C4C79F5B-2A16-440B-B7BB-15C68822F7F7}.Debug|x64.ActiveCfg = Debug|x64
		{C4C79F5B-2A16-440B-B7BB-15C68822F7F7}.Debug|x64.Build.0 = Debug|x64
		{C4C79F5B-2A16-440B-B7BB-15C68822F7F7}.Debug|x86.ActiveCfg = Debug|Win32
		{C4C79F5B-2A16-440B-B7BB-15C68822F7F7}.Debug|x86.Build.0 = Debug|Win32
		{C4C79F5B-2A16-440B-B7BB-15C68822F7F7}.Release|x64.ActiveCfg = Release|x64
		{C4C79F5B-2A16-440B-B7BB-15C68822F7F7}.Release|x64.Build.0 = Release|x64
		{C4C79F5B-2A16-440B-B7BB-15C68822F7F7}.Release|x86.ActiveCfg = Release|Win32
		{C4C79F5B-2A16-440B-B7BB-15C68822F7F7}.Release|x86.Build.0 = Release|Win32
		{C84CF191-B091-4296-9A1C-DCBA5041AFA2}.Debug|x64.ActiveCfg = Debug|x64
		{C84CF191-B091-4296-9A1C-DCBA5041AFA2}.Debug|x64.Build.0 = Debug|x64
		{C84CF191-B091-4296-9A1C-DCBA5041AFA2}.Debug|x86.ActiveCfg = Debug|Win32
		{C84CF191-B091-4296-9A1C-DCBA5041AFA2}.Debug|x86.Build.0 = Debug|Win32
		{C84CF191-B091-4296-9A1C-DCBA5041AFA2}.Release|x64.ActiveCfg = Release|x64
		{C84CF191-B091-4296-9A1C-DCBA5041AFA2}.Release|x64.Build.0 = Release|x64
		{C84CF191-B091-4296-9A1C-DCBA5041AFA2}.Release|x86.ActiveCfg = Release|Win32
		{C84CF191-B091-4296-9A1C-DCBA5041AFA2}.Release|x86.Build.0 = Release|Win32
		{A6A82547-3FFF-4FD1-B4A1-08140C88833D}.Debug|x64.ActiveCfg = Debug|x64
		{A6A82547-3FFF-4FD1-B4A1-08140C88833D}.Debug|x64.Build.0 = Debug|x64
		{A6A82547-3FFF-4FD1-B4A1-08140C88833D}.Debug|x86.ActiveCfg = Debug|Win32
		{A6A82547-3FFF-4FD1-B4A1-08140C88833D}.Debug|x86.Build.0 = Debug|Win32
		{A6A82547-3FFF-4FD1-B4A1-08140C88833D}.Release|x64.ActiveCfg = Release|x64
		{A6A82547-3FFF-4FD1-B4A1-08140C88833D}.Release|x64.Build.0 = Release|x64
		{A6A82547-3FFF-4FD1-B4A1-08140C88833D}.Release|x86.ActiveCfg = Release|Win32
		{A6A82547-3FFF-4FD1-B4A1-08140C88833D}.Release|x86.Build.0 = Release|Win32
		{15CAB485-3919-48FC-AC49-454672FAA983}.Debug|x64.ActiveCfg = Debug|x64
		{15CAB485-3919-48FC-AC49-454672FAA983}.Debug|x64.Build.0 = Debug|x64
		{15CAB485-3919-48FC-AC49-454672FAA983}.Debug|x86.ActiveCfg = Debug|Win32
		{15CAB485-3919-48FC-AC49-454672FAA983}.Debug|x86.Build.0 = Debug|Win32
		{15CAB485-3919-48FC-AC49-454672FAA983}.Release|x64.ActiveCfg = Release|x64
		{15CAB485-3919-48FC-AC49-454672FAA983}.Release|x64.Build.0 = Release|x64
		{15CAB485-3919-48FC-AC49-454672FAA983}.Release|x86.ActiveCfg = Release|Win32
		{15CAB485-3919-48FC-AC49-454672FAA983}.Release|x86.Build.0 = Release|Win32
		{B78C63A7-D888-455D-93D8-224D12C1091D}.Debug|x64.ActiveCfg = Debug|x64
		{B78C63A7-D888-455D-93D8-224D12C1091D}.Debug|x64.Build.0 = Debug|x64
		{B78C63A7-D888-455D-93D8-224D12C1091D}.Debug|x86.ActiveCfg = Debug|Win32
		{B78C63A7-D888-455D-93D8-224D12C1091D}.Debug|x86.Build.0 = Debug|Win32
		{B78C63A7-D888-455D-93D8-224D12C1091D}.Release|x64.ActiveCfg = Release|x64
		{B78C63A7-D888-455D-93D8-224D12C1091D}.Release|x64.Build.0 = Release|x64
		{B78C63A7-D888-455D-93D8-224D12C1091D}.Release|x86.ActiveCfg = Release|Win32
		{B78C63A7-D888-455D-93D8-224D12C1091D}.Release|x86.Build.0 = Release|Win32
		{9E346890-6FB3-4948-A51D-67194AA22DEE}.Debug|x64.ActiveCfg = Debug|x64
		{9E346890-6FB3-4948-A51D-67194AA22DEE}.Debug|x64.Build.0 = Debug|x64
		{9E346890-6FB3-4948-A51D-67194AA22DEE}.Debug|x86.ActiveCfg = Debug|Win32
		{9E346890-6FB3-4948-A51D-67194AA22DEE}.Debug|x86.Build.0 = Debug|Win32
		{9E346890-6FB3-4948-A51D-67194AA22DEE}.Release|x64.ActiveCfg = Release|x64
		{9E346890-6FB3-4948-A51D-67194AA22DEE}.Release|x64.Build.0 = Release|x64
		{9E346890-6FB3-4948-A51D-67194AA22DEE}.Release|x86.ActiveCfg = Release|Win32
		{9E346890-6FB3-4948-A51D-67194AA22DEE}.Release|x86.Build.0 = Release|Win32
		{2B32CD8E-C407-42CD-B5CE-EC0644565349}.Debug|x64.ActiveCfg = Debug|x64
		{2B32CD8E-C407-42CD-B5CE-EC0644565349}.Debug|x64.Build.0 = Debug|x64
		{2B32CD8E-C407-42CD-B5CE-EC0644565349}.Debug|x86.ActiveCfg = Debug|Win32
		{2B32CD8E-C407-42CD-B5CE-EC0644565349}.Debug|x86.Build.0 = Debug|Win32
		{2B32CD8E-C407-42CD-B5CE-EC0644565349}.Release|x64.ActiveCfg = Release|x64
		{2B32CD8E-C407-42CD-B5CE-EC0644565349}.Release|x64.Build.0 = Release|x64
		{2B32CD8E-C407-42CD-B5CE-EC0644565349}.Release|x86.ActiveCfg = Release|Win32
		{2B32CD8E-C407-42CD-B5CE-EC0644565349}.Release|x86.Build.0 = Release|Win32
		{80A7BADF-33B2-42F6-986F-A6FC78B3D748}.Debug|x64.ActiveCfg = Debug|x64
		{80A7BADF-33B2-42F6-986F-A6FC78B3D748}.Debug|x64.Build.0 = Debug|x64
		{80A7BADF-33B2-42F6-986F-A6FC78B3D748}.Debug|x86.ActiveCfg = Debug|Win32
		{80A7BADF-33B2-42F6-986F-A6FC78B3D748}.Debug|x86.Build.0 = Debug|Win32
		{80A7BADF-33B2-42F6-986F-A6FC78B3D748}.Release|x64.ActiveCfg = Release|x64
		{80A7BADF-33B2-42F6-986F-A6FC78B3D748}.Release|x64.Build.0 = Release|x64
		{80A7BADF-33B2-42F6-986F-A6FC78B3D748}.Release|x86.ActiveCfg = Release|Win32
		{80A7BADF-33B2-42F6-986F-A6FC78B3D748}.Release|x86.Build.0 = Release|Win32
		{68306E71-4520-4F1A-A6AB-7A3CD3399D25}.Debug|x64.ActiveCfg = Debug|x64
		{68306E71-4520-4F1A-A6AB-7A3CD3399D25}.Debug|x64.Build.0 = Debug|x64
		{68306E71-4520-4F1A-A6AB-7A3CD3399D25}.Debug|x86.ActiveCfg = Debug|Win32
		{68306E71-4520-4F1A-A6AB-7A3CD3399D25}.Debug|x86.Build.0 = Debug|Win32
		{68306E71-4520-4F1A-A6AB-7A3CD3399D25}.Release|x64.ActiveCfg = Release|x64
		{68306E71-4520-4F1A-A6AB-7A3CD3399D25}.Release|x64.Build.0 = Release|x64
		{68306E71-4520-4F1A-A6AB-7A3CD3399D25}.Release|x86.ActiveCfg = Release|Win32
		{68306E71-4520-4F1A-A6AB-7A3CD3399D25}.Release|x86.Build.0 = Release|Win32
		{1E3D7EA4-1C20-4DEA-945D-1C6CE6C9097C}.Debug|x64.ActiveCfg = Debug|x64
		{1E3D7EA4-1C20-4DEA-945D-1C6CE6C9097C}.Debug|x64.Build.0 = Debug|x64
		{1E3D7EA4-1C20-4DEA-945D-1C6CE6C9097C}.Debug|x86.ActiveCfg = Debug|Win32
		{1E3D7EA4-1C20-4DEA-945D-1C6CE6C9097C}.Debug|x86.Build.0 = Debug|Win32
		{1E3D7EA4-1C20-4DEA-945D-1C6CE6C9097C}.Release|x64.ActiveCfg = Release|x64
		{1E3D7EA4-1C20-4DEA-945D-1C6CE6C9097C}.Release|x64.Build.0 = Release|x64
		{1E3D7EA4-1C20-4DEA-945D-1C6CE6C9097C}.Release|x86.ActiveCfg = Release|Win32
		{1E3D7EA4-1C20-4DEA-945D-1C6CE6C9097C}.Release|x86.Build.0 = Release|Win32
		{53133403-AFFF-4249-8954-380F13DB8FE5}.Debug|x64.ActiveCfg = Debug|x64
		{53133403-AFFF-4249-8954-380F13DB8FE5}.Debug|x64.Build.0 = Debug|x64
		{53133403-AFFF-4249-8954-380F13DB8FE5}.Debug|x86.ActiveCfg = Debug|Win32
		{53133403-AFFF-4249-8954-380F13DB8FE5}.Debug|x86.Build.0 = Debug|Win32
		{53133403-AFFF-4249-8954-380F13DB8FE5}.Release|x64.ActiveCfg = Release|x64
		{53133403-AFFF-4249-8954-380F13DB8FE5}.Release|x64.Build.0 = Release|x64
		{53133403-AFFF-4249-8954-380F13DB8FE5}.Release|x86.ActiveCfg = Release|Win32
		{53133403-AFFF-4249-8954-380F13DB8FE5}.Release|x86.Build.0 = Release|Win32
		{B3F1F488-87ED-4FC2-9B77-F22219155A7D}.Debug|x64.ActiveCfg = Debug|x64
		{B3F1F488-87ED-4FC2-9B77-F22219155A7D}.Debug|x64.Build.0 = Debug|x64
		{B3F1F488-87ED-4FC2-9B77-F22219155A7D}.Debug|x86.ActiveCfg = Debug|Win32
		{B3F1F488-87ED-4FC2-9B77-F22219155A7D}.Debug|x86.Build.0 = Debug|Win32
		{B3F1F488-87ED-4FC2-9B77-F22219155A7D}.Release|x64.ActiveCfg = Release|x64
		{B3F1F488-87ED-4FC2-9B77-F22219155A7D}.Release|x64.Build.0 = Release|x64
		{B3F1F488-87ED-4FC2-9B77-F22219155A7D}.Release|x86.ActiveCfg = Release|Win32
		{B3F1F488-87ED-4FC2-9B77-F22219155A7D}.Release|x86.Build.0 = Release|Win32
		{A4F4E502-C936-4424-B832-A78E655000F8}.Debug|x64.ActiveCfg = Debug|x64
		{A4F4E502-C936-4424-B832-A78E655000F8}.Debug|x64.Build.0 = Debug|x64
		{A4F4E502-C936-4424-B832-A78E655000F8}.Debug|x86.ActiveCfg = Debug|Win32
		{A4F4E502-C936-4424-B832-A78E655000F8}.Debug|x86.Build.0 = Debug|Win32
		{A4F4E502-C936-4424-B832-A78E655000F8}.Release|x64.ActiveCfg = Release|x64
		{A4F4E502-C936-4424-B832-A78E655000F8}.Release|x64.Build.0 = Release|x64
		{A4F4E502-C936-4424-B832-A78E655000F8}.Release|x86.ActiveCfg = Release|Win32
		{A4F4E502-C936-4424-B832-A78E655000F8}.Release|x86.Build.0 = Release|Win32
		{F7229A6F-9FE7-4CB8-8297-09D541DE882B}.Debug|x64.ActiveCfg = Debug|x64
		{F7229A6F-9FE7-4CB8-8297-09D541DE882B}.Debug|x64.Build.0 = Debug|x64
		{F7229A6F-9FE7-4CB8-8297-09D541DE882B}.Debug|x86.ActiveCfg = Debug|Win32
		{F7229A6F-9FE7-4CB8-8297-09D541DE882B}.Debug|x86.Build.0 = Debug|Win32
		{F7229A6F-9FE7-4CB8-8297-09D541DE882B}.Release|x64.ActiveCfg = Release|x64
		{F7229A6F-9FE7-4CB8-8297-09D541DE882B}.Release|x64.Build.0 = Release|x64
		{F7229A6F-9FE7-4CB8-8297-09D541DE882B}.Release|x86.ActiveCfg = Release|Win32
		{F7229A6F-9FE7-4CB8-8297-09D541DE882B}.Release|x86.Build.0 = Release|Win32
		{130EA89F-D85D-4EE4-8627-202B55923780}.Debug|x64.ActiveCfg = Debug|x64
		{130EA89F-D85D-4EE4-8627-202B55923780}.Debug|x64.Build.0 = Debug|x64
		{130EA89F-D85D-4EE4-8627-202B55923780}.Debug|x86.ActiveCfg = Debug|Win32
		{130EA89F-D85D-4EE4-8627-202B55923780}.Debug|x86.Build.0 = Debug|Win32
		{130EA89F-D85D-4EE4-8627-202B55923780}.Release|x64.ActiveCfg = Release|x64
		{130EA89F-D85D-4EE4-8627-202B55923780}.Release|x64.Build.0 = Release|x64
		{130EA89F-D85D-4EE4-8627-202B55923780}.Release|x86.ActiveCfg = Release|Win32
		{130EA89F-D85D-4EE4-8627-202B55923780}.Release|x86.Build.0 = Release|Win32
		{098B300F-B9E9-46D6-9121-106C4B3C59EF}.Debug|x64.ActiveCfg = Debug|x64
		{098B300F-B9E9-46D6-9121-106C4B3C59EF}.Debug|x64.Build.0 = Debug|x64
		{098B300F-B9E9-46D6-9121-106C4B3C59EF}.Debug|x86.ActiveCfg = Debug|Win32
		{098B300F-B9E9-46D6-9121-106C4B3C59EF}.Debug|x86.Build.0 = Debug|Win32
		{098B300F-B9E9-46D6-9121-106C4B3C59EF}.Release|x64.ActiveCfg = Release|x64
		{098B300F-B9E9-46D6-9121-106C4B3C59EF}.Release|x64.Build.0 = Release|x64
		{098B300F-B9E9-46D6-9121-106C4B3C59EF}.Release|x86.ActiveCfg = Release|Win32
		{098B300F-B9E9-46D6-9121-106C4B3C59EF}.Release|x86.Build.0 = Release|Win32
		{F61F481A-9B09-4B7E-86B2-269B0DAC4D1E}.Debug|x64.ActiveCfg = Debug|x64
		{F61F481A-9B09-4B7E-86B2-269B0DAC4D1E}.Debug|x64.Build.0 = Debug|x64
		{F61F481A-9B09-4B7E-86B2-269B0DAC4D1E}.Debug|x86.ActiveCfg = Debug|Win32
		{F61F481A-9B09-4B7E-86B2-269B0DAC4D1E}.Debug|x86.Build.0 = Debug|Win32
		{F61F481A-9B09-4B7E-86B2-269B0DAC4D1E}.Release|x64.ActiveCfg = Release|x64
		{F61F481A-9B09-4B7E-86B2-269B0DAC4D1E}.Release|x64.Build.0 = Release|x64
		{F61F481A-9B09-4B7E-86B2-269B0DAC4D1E}.Release|x86.ActiveCfg = Release|Win32
		{F61F481A-9B09-4B7E-86B2-269B0DAC4D1E}.Release|x86.Build.0 = Release|Win32
		{1828D33A-7FEA-4336-9816-814280602CFF}.Debug|x64.ActiveCfg = Debug|x64
		{1828D33A-7FEA-4336-9816-814280602CFF}.Debug|x64.Build.0 = Debug|x64
		{1828D33A-7FEA-4336-9816-814280602CFF}.Debug|x86.ActiveCfg = Debug|Win32
		{1828D33A-7FEA-4336-9816-814280602CFF}.Debug|x86.Build.0 = Debug|Win32
		{1828D33A-7FEA-4336-9816-814280602CFF}.Release|x64.ActiveCfg = Release|x64
		{1828D33A-7FEA-4336-9816-814280602CFF}.Release|x64.Build.0 = Release|x64
		{1828D33A-7FEA-4336-9816-814280602CFF}.Release|x86.ActiveCfg = Release|Win32
		{1828D33A-7FEA-4336-9816-814280602CFF}.Release|x86.Build.0 = Release|Win32
		{3B272F1F-68BB-45C4-9194-AFAB89908F98}.Debug|x64.ActiveCfg = Debug|x64
		{3B272F1F-68BB-45C4-9194-AFAB89908F98}.Debug|x64.Build.0 = Debug|x64
		{3B272F1F-68BB-45C4-9194-AFAB89908F98}.Debug|x86.ActiveCfg = Debug|Win32
		{3B272F1F-68BB-45C4-9194-AFAB89908F98}.Debug|x86.Build.0 = Debug|Win32
		{3B272F1F-68BB-45C4-9194-AFAB89908F98}.Release|x64.ActiveCfg = Release|x64
		{3B272F1F-68BB-45C4-9194-AFAB89908F98}.Release|x64.Build.0 = Release|x64
		{3B272F1F-68BB-45C4-9194-AFAB89908F98}.Release|x86.ActiveCfg = Release|Win32
		{3B272F1F-68BB-45C4-9194-AFAB89908F98}.Release|x86.Build.0 = Release|Win32
		{5B51CB22-4CF2-452D-AEF5-C5EE93A107E5}.Debug|x64.ActiveCfg = Debug|x64
		{5B51CB22-4CF2-452D-AEF5-C5EE93A107E5}.Debug|x64.Build.0 = Debug|x64
		{5B51CB22-4CF2-452D-AEF5-C5EE93A107E5}.Debug|x86.ActiveCfg = Debug|Win32
		{5B51CB22-4CF2-452D-AEF5-C5EE93A107E5}.Debug|x86.Build.0 = Debug|Win32
		{5B51CB22-4CF2-452D-AEF5-C5EE93A107E5}.Release|x64.ActiveCfg = Release|x64
		{5B51CB22-4CF2-452D-AEF5-C5EE93A107E5}.Release|x64.Build.0 = Release|x64
		{5B51CB22-4CF2-452D-AEF5-C5EE93A107E5}.Release|x86.ActiveCfg = Release|Win32
		{5B51CB22-4CF2-452D-AEF5-C5EE93A107E5}.Release|x86.Build.0 = Release|Win32
		{5FC7C87E-8C02-4A3A-B072-C486B71DE05C}.Debug|x64.ActiveCfg = Debug|x64
		{5FC7C87E-8C02-4A3A-B072-C486B71DE05C}.Debug|x64.Build.0 = Debug|x64
		{5FC7C87E-8C02-4A3A-B072-C486B71DE05C}.Debug|x86.ActiveCfg = Debug|Win32
		{5FC7C87E-8C02-4A3A-B072-C486B71DE05C}.Debug|x86.Build.0 = Debug|Win32
		{5FC7C87E-8C02-4A3A-B072-C486B71DE05C}.Release|x64.ActiveCfg = Release|x64
		{5FC7C87E-8C02-4A3A-B072-C486B71DE05C}.Release|x64.Build.0 = Release|x64
		{5FC7C87E-8C02-4A3A-B072-C486B71DE05C}.Release|x86.ActiveCfg = Release|Win32
		{5FC7C87E-8C02-4A3A-B072-C486B71DE05C}.Release|x86.Build.0 = Release|Win32
		{ED0BCCE1-41D0-497E-8BA2-E865B374D786}.Debug|x64.ActiveCfg = Debug|x64
		{ED0BCCE1-41D0-497E-8BA2-E865B374D786}.Debug|x64.Build.0 = Debug|x64
		{ED0BCCE1-41D0-497E-8BA2-E865B374D786}.Debug|x86.ActiveCfg = Debug|Win32
		{ED0BCCE1-41D0-497E-8BA2-E865B374D786}.Debug|x86.Build.0 = Debug|Win32
		{ED0BCCE1-41D0-497E-8BA2-E865B374D786}.Release|x64.ActiveCfg = Release|x64
		{ED0BCCE1-41D0-497E-8BA2-E865B374D786}.Release|x64.Build.0 = Release|x64
		{ED0BCCE1-41D0-497E-8BA2-E865B374D786}.Release|x86.ActiveCfg = Release|Win32
		{ED0BCCE1-41D0-497E-8BA2-E865B374D786}.Release|x86.Build.0 = Release|Win32
		{B9C3551B-2CBA-41D3-BED2-22DA0964D267}.Debug|x64.ActiveCfg = Debug|x64
		{B9C3551B-2CBA-41D3-BED2-22DA0964D267}.Debug|x64.Build.0 = Debug|x64
		{B9C3551B-2CBA-41D3-BED2-22DA0964D267}.Debug|x86.ActiveCfg = Debug|Win32
		{B9C3551B-2CBA-41D3-BED2-22DA0964D267}.Debug|x86.Build.0 = Debug|Win32
		{B9C3551B-2CBA-41D3-BED2-22DA0964D267}.Release|x64.ActiveCfg = Release|x64
		{B9C3551B-2CBA-41D3-BED2-22DA0964D267}.Release|x64.Build.0 = Release|x64
		{B9C3551B-2CBA-41D3-BED2-22DA0964D267}.Release|x86.ActiveCfg = Release|Win32
		{B9C3551B-2CBA-41D3-BED2-22DA0964D267}.Release|x86.Build.0 = Release|Win32
		{40D956ED-650E-4AC2-B537-F572414B9466}.Debug|x64.ActiveCfg = Debug|x64
		{40D956ED-650E-4AC2-B537-F572414B9466}.Debug|x64.Build.0 = Debug|x64
		{40D956ED-650E-4AC2-B537-F572414B9466}.Debug|x86.ActiveCfg = Debug|Win32
		{40D956ED-650E-4AC2-B537-F572414B9466}.Debug|x86.Build.0 = Debug|Win32
		{40D956ED-650E-4AC2-B537-F572414B9466}.Release|x64.ActiveCfg = Release|x64
		{40D956ED-650E-4AC2-B537-F572414B9466}.Release|x64.Build.0 = Release|x64
		{40D956ED-650E-4AC2-B537-F572414B9466}.Release|x86.ActiveCfg = Release|Win32
		{40D956ED-650E-4AC2-B537-F572414B9466}.Release|x86.Build.0 = Release|Win32
		{4EF4BB72-4405-4DA2-9D2D-49C608CEA312}.Debug|x64.ActiveCfg = Debug|x64
		{4EF4BB72-4405-4DA2-9D2D-49C608CEA312}.Debug|x64.Build.0 = Debug|x64
		{4EF4BB72-4405-4DA2-9D2D-49C608CEA312}.Debug|x86.ActiveCfg = Debug|Win32
		{4EF4BB72-4405-4DA2-9D2D-49C608CEA312}.Debug|x86.Build.0 = Debug|Win32
		{4EF4BB72-4405-4DA2-9D2D-49C608CEA312}.Release|x64.ActiveCfg = Release|x64
		{4EF4BB72-4405-4DA2-9D2D-49C608CEA312}.Release|x64.Build.0 = Release|x64
		{4EF4BB72-4405-4DA2-9D2D-49C608CEA312}.Release|x86.ActiveCfg = Release|Win32
		{4EF4BB72-4405-4DA2-9D2D-49C608CEA312}.Release|x86.Build.0 = Release|Win32
		{FBEA6AED-8002-4A2B-BAAB-F7F3BFCDA37C}.Debug|x64.ActiveCfg = Debug|x64
		{FBEA6AED-8002-4A2B-BAAB-F7F3BFCDA37C}.Debug|x64.Build.0 = Debug|x64
		{FBEA6AED-8002-4A2B-BAAB-F7F3BFCDA37C}.Debug|x86.ActiveCfg = Debug|Win32
		{FBEA6AED-8002-4A2B-BAAB-F7F3BFCDA37C}.Debug|x86.Build.0 = Debug|Win32
		{FBEA6AED-8002-4A2B-BAAB-F7F3BFCDA37C}.Release|x64.ActiveCfg = Release|x64
		{FBEA6AED-8002-4A2B-BAAB-F7F3BFCDA37C}.Release|x64.Build.0 = Release|x64
		{FBEA6AED-8002-4A2B-BAAB-F7F3BFCDA37C}.Release|x86.ActiveCfg = Release|Win32
		{FBEA6AED-8002-4A2B-BAAB-F7F3BFCDA37C}.Release|x86.Build.0 = Release|Win32
		{1A2205FB-438A-4F7D-8369-FA5D586A9185}.Debug|x64.ActiveCfg = Debug|x64
		{1A2205FB-438A-4F7D-8369-FA5D586A9185}.Debug|x64.Build.0 = Debug|x64
		{1A2205FB-438A-4F7D-8369-FA5D586A9185}.Debug|x86.ActiveCfg = Debug|Win32
		{1A2205FB-438A-4F7D-8369-FA5D586A9185}.Debug|x86.Build.0 = Debug|Win32
		{1A2205FB-438A-4F7D-8369-FA5D586A9185}.Release|x64.ActiveCfg = Release|x64
		{1A2205FB-438A-4F7D-8369-FA5D586A9185}.Release|x64.Build.0 = Release|x64
		{1A2205FB-438A-4F7D-8369-FA5D586A9185}.Release|x86.ActiveCfg = Release|Win32
		{1A2205FB-438A-4F7D-8369-FA5D586A9185}.Release|x86.Build.0 = Release|Win32
		{29C10840-15F3-4FDC-A0A9-F0EFDB1E7F36}.Debug|x64.ActiveCfg = Debug|x64
		{29C10840-15F3-4FDC-A0A9-F0EFDB1E7F36}.Debug|x64.Build.0 = Debug|x64
		{29C10840-15F3-4FDC-A0A9-F0EFDB1E7F36}.Debug|x86.ActiveCfg = Debug|Win32
		{29C10840-15F3-4FDC-A0A9-F0EFDB1E7F36}.Debug|x86.Build.0 = Debug|Win32
		{29C10840-15F3-4FDC-A0A9-F0EFDB1E7F36}.Release|x64.ActiveCfg = Release|x64
		{29C10840-15F3-4FDC-A0A9-F0EFDB1E7F36}.Release|x64.Build.0 = Release|x64
		{29C10840-15F3-4FDC-A0A9-F0EFDB1E7F36}.Release|x86.ActiveCfg = Release|Win32
		{29C10840-15F3-4FDC-A0A9-F0EFDB1E7F36}.Release|x86.Build.0 = Release|Win32
		{3AA3BD49-12E6-4303-9ECF-0C139B4D7C42}.Debug|x64.ActiveCfg = Debug|x64
		{3AA3BD49-12E6-4303-9ECF-0C139B4D7C42}.Debug|x64.Build.0 = Debug|x64
		{3AA3BD49-12E6-4303-9ECF-0C139B4D7C42}.Debug|x86.ActiveCfg = Debug|Win32
		{3AA3BD49-12E6-4303-9ECF-0C139B4D7C42}.Debug|x86.Build.0 = Debug|Win32
		{3AA3BD49-12E6-4303-9ECF-0C139B4D7C42}.Release|x64.ActiveCfg = Release|x64
		{3AA3BD49-12E6-4303-9ECF-0C139B4D7C42}.Release|x64.Build.0 = Release|x64
		{3AA3BD49-12E6-4303-9ECF-0C139B4D7C42}.Release|x86.ActiveCfg = Release|Win32
		{3AA3BD49-12E6-4303-9ECF-0C139B4D7C42}.Release|x86.Build.0 = Release|Win32
		{17C338D8-D798-46EE-94B2-5C229D9EB93F}.Debug|x64.ActiveCfg = Debug|x64
		{17C338D8-D798-46EE-94B2-5C229D9EB93F}.Debug|x64.Build.0 = Debug|x64
		{17C338D8-D798-46EE-94B2-5C229D9EB93F}.Debug|x86.ActiveCfg = Debug|Win32
		{17C338D8-D798-46EE-94B2-5C229D9EB93F}.Debug|x86.Build.0 = Debug|Win32
		{17C338D8-D798-46EE-94B2-5C229D9EB93F}.Release|x64.ActiveCfg = Release|x64
		{17C338D8-D798-46EE-94B2-5C229D9EB93F}.Release|x64.Build.0 = Release|x64
		{17C338D8-D798-46EE-94B2-5C229D9EB93F}.Release|x86.ActiveCfg = Release|Win32
		{17C338D8-D798-46EE-94B2-5C229D9EB93F}.Release|x86.Build.0 = Release|Win32
		{CA6B0E3B-5B6C-4670-8BD0-6DAFE6A16FCF}.Debug|x64.ActiveCfg = Debug|x64
		{CA6B0E3B-5B6C-4670-8BD0-6DAFE6A16FCF}.Debug|x64.Build.0 = Debug|x64
		{CA6B0E3B-5B6C-4670-8BD0-6DAFE6A16FCF}.Debug|x86.ActiveCfg = Debug|Win32
		{CA6B0E3B-5B6C-4670-8BD0-6DAFE6A16FCF}.Debug|x86.Build.0 = Debug|Win32
		{CA6B0E3B-5B6C-4670-8BD0-6DAFE6A16FCF}.Release|x64.ActiveCfg = Release|x64
		{CA6B0E3B-5B6C-4670-8BD0-6DAFE6A16FCF}.Release|x64.Build.0 = Release|x64
		{CA6B0E3B-5B6C-4670-8BD0-6DAFE6A16FCF}.Release|x86.ActiveCfg = Release|Win32
		{CA6B0E3B-5B6C-4670-8BD0-6DAFE6A16FCF}.Release|x86.Build.0 = Release|Win32
		{933B5FAE-6057-4A6A-9A8F-8A968EE817AF}.Debug|x64.ActiveCfg = Debug|x64
		{933B5FAE-6057-4A6A-9A8F-8A968EE817AF}.Debug|x64.Build.0 = Debug|x64
		{933B5FAE-6057-4A6A-9A8F-8A968EE817AF}.Debug|x86.ActiveCfg = Debug|Win32
		{933B5FAE-6057-4A6A-9A8F-8A968EE817AF}.Debug|x86.Build.0 = Debug|Win32
		{933B5FAE-6057-4A6A-9A8F-8A968EE817AF}.Release|x64.ActiveCfg = Release|x64
		{933B5FAE-6057-4A6A-9A8F-8A968EE817AF}.Release|x64.Build.0 = Release|x64
		{933B5FAE-6057-4A6A-9A8F-8A968EE817AF}.Release|x86.ActiveCfg = Release|Win32
		{933B5FAE-6057-4A6A-9A8F-8A968EE817AF}.Release|x86.Build.0 = Release|Win32
		{D6C46129-124F-49DB-B883-237562EC98AE}.Debug|x64.ActiveCfg = Debug|x64
		{D6C46129-124F-49DB-B883-237562EC98AE}.Debug|x64.Build.0 = Debug|x64
		{D6C46129-124F-49DB-B883-237562EC98AE}.Debug|x86.ActiveCfg = Debug|Win32
		{D6C46129-124F-49DB-B883-237562EC98AE}.Debug|x86.Build.0 = Debug|Win32
		{D6C46129-124F-49DB-B883-237562EC98AE}.Release|x64.ActiveCfg = Release|x64
		{D6C46129-124F-49DB-B883-237562EC98AE}.Release|x64.Build.0 = Release|x64
		{D6C46129-124F-49DB-B883-237562EC98AE}.Release|x86.ActiveCfg = Release|Win32
		{D6C46129-124F-49DB-B883-237562EC98AE}.Release|x86.Build.0 = Release|Win32
		{A397C2E7-CB2F-47D5-A8EA-C15A984A5AC0}.Debug|x64.ActiveCfg = Debug|x64
		{A397C2E7-CB2F-47D5-A8EA-C15A984A5AC0}.Debug|x64.Build.0 = Debug|x64
		{A397C2E7-CB2F-47D5-A8EA-C15A984A5AC0}.Debug|x86.ActiveCfg = Debug|Win32
		{A397C2E7-CB2F-47D5-A8EA-C15A984A5AC0}.Debug|x86.Build.0 = Debug|Win32
		{A397C2E7-CB2F-47D5-A8EA-C15A984A5AC0}.Release|x64.ActiveCfg = Release|x64
		{A397C2E7-CB2F-47D5-A8EA-C15A984A5AC0}.Release|x64.Build.0 = Release|x64
		{A397C2E7-CB2F-47D5-A8EA-C15A984A5AC0}.Release|x86.ActiveCfg = Release|Win32
		{A397C2E7-CB2F-47D5-A8EA-C15A984A5AC0}.Release|x86.Build.0 = Release|Win32
		{CC90BD73-1475-43CD-88AF-190966506AF1}.Debug|x64.ActiveCfg = Debug|x64
		{CC90BD73-1475-43CD-88AF-190966506AF1}.Debug|x64.Build.0 = Debug|x64
		{CC90BD73-1475-43CD-88AF-190966506AF1}.Debug|x86.ActiveCfg = Debug|Win32
		{CC90BD73-1475-43CD-88AF-190966506AF1}.Debug|x86.Build.0 = Debug|Win32
		{CC90BD73-1475-43CD-88AF-190966506AF1}.Release|x64.ActiveCfg = Release|x64
		{CC90BD73-1475-43CD-88AF-190966506AF1}.Release|x64.Build.0 = Release|x64
		{CC90BD73-1475-43CD-88AF-190966506AF1}.Release|x86.ActiveCfg = Release|Win32
		{CC90BD73-1475-43CD-88AF-190966506AF1}.Release|x86.Build.0 = Release|Win32
		{E4378B1D-EA3A-4E74-B54F-C3608B219BAC}.Debug|x64.ActiveCfg = Debug|x64
		{E4378B1D-EA3A-4E74-B54F-C3608B219BAC}.Debug|x64.Build.0 = Debug|x64
		{E4378B1D-EA3A-4E74-B54F-C3608B219BAC}.Debug|x86.ActiveCfg = Debug|Win32
		{E4378B1D-EA3A-4E74-B54F-C3608B219BAC}.Debug|x86.Build.0 = Debug|Win32
		{E4378B1D-EA3A-4E74-B54F-C3608B219BAC}.Release|x64.ActiveCfg = Release|x64
		{E4378B1D-EA3A-4E74-B54F-C3608B219BAC}.Release|x64.Build.0 = Release|x64
		{E4378B1D-EA3A-4E74-B54F-C3608B219BAC}.Release|x86.ActiveCfg = Release|Win32
		{E4378B1D-EA3A-4E74-B54F-C3608B219BAC}.Release|x86.Build.0 = Release|Win32
		{C1285B17-8384-4C79-AFF4-B2E02A3A6464}.Debug|x64.ActiveCfg = Debug|x64
		{C1285B17-8384-4C79-AFF4-B2E02A3A6464}.Debug|x64.Build.0 = Debug|x64
		{C1285B17-8384-4C79-AFF4-B2E02A3A6464}.Debug|x86.ActiveCfg = Debug|Win32
		{C1285B17-8384-4C79-AFF4-B2E02A3A6464}.Debug|x86.Build.0 = Debug|Win32
		{C1285B17-8384-4C79-AFF4-B2E02A3A6464}.Release|x64.ActiveCfg = Release|x64
		{C1285B17-8384-4C79-AFF4-B2E02A3A6464}.Release|x64.Build.0 = Release|x64
		{C1285B17-8384-4C79-AFF4-B2E02A3A6464}.Release|x86.ActiveCfg = Release|Win32
		{C1285B17-8384-4C79-AFF4-B2E02A3A6464}.Release|x86.Build.0 = Release|Win32
		{BE3CC752-57B1-4402-AC6A-C4DF22CE5840}.Debug|x64.ActiveCfg = Debug|x64
		{BE3CC752-57B1-4402-AC6A-C4DF22CE5840}.Debug|x64.Build.0 = Debug|x64
		{BE3CC752-57B1-4402-AC6A-C4DF22CE5840}.Debug|x86.ActiveCfg = Debug|Win32
		{BE3CC752-57B1-4402-AC6A-C4DF22CE5840}.Debug|x86.Build.0 = Debug|Win32
		{BE3CC752-57B1-4402-AC6A-C4DF22CE5840}.Release|x64.ActiveCfg = Release|x64
		{BE3CC752-57B1-4402-AC6A-C4DF22CE5840}.Release|x64.Build.0 = Release|x64
		{BE3CC752-57B1-4402-AC6A-C4DF22CE5840}.Release|x86.ActiveCfg = Release|Win32
		{BE3CC752-57B1-4402-AC6A-C4DF22CE5840}.Release|x86.Build.0 = Release|Win32
		{B0604E7E-9D73-49FA-B4C3-7BA7F717A934}.Debug|x64.ActiveCfg = Debug|x64
		{B0604E7E-9D73-49FA-B4C3-7BA7F717A934}.Debug|x64.Build.0 = Debug|x64
		{B0604E7E-9D73-49FA-B4C3-7BA7F717A934}.Debug|x86.ActiveCfg = Debug|Win32
		{B0604E7E-9D73-49FA-B4C3-7BA7F717A934}.Debug|x86.Build.0 = Debug|Win32
		{B0604E7E-9D73-49FA-B4C3-7BA7F717A934}.Release|x64.ActiveCfg = Release|x64
		{B0604E7E-9D73-49FA-B4C3-7BA7F717A934}.Release|x64.Build.0 = Release|x64
		{B0604E7E-9D73-49FA-B4C3-7BA7F717A934}.Release|x86.ActiveCfg = Release|Win32
		{B0604E7E-9D73-49FA-B4C3-7BA7F717A934}.Release|x86.Build.0 = Release|Win32
		{9DD09815-00E3-484E-BB90-ED8A6DF99960}.Debug|x64.ActiveCfg = Debug|x64
		{9DD09815-00E3-484E-BB90-ED8A6DF99960}.Debug|x64.Build.0 = Debug|x64
		{9DD09815-00E3-484E-BB90-ED8A6DF99960}.Debug|x86.ActiveCfg = Debug|Win32
		{9DD09815-00E3-484E-BB90-ED8A6DF99960}.Debug|x86.Build.0 = Debug|Win32
		{9DD09815-00E3-484E-BB90-ED8A6DF99960}.Release|x64.ActiveCfg = Release|x64
		{9DD09815-00E3-484E-BB90-ED8A6DF99960}.Release|x64.Build.0 = Release|x64
		{9DD09815-00E3-484E-BB90-ED8A6DF99960}.Release|x86.ActiveCfg = Release|Win32
		{9DD09815-00E3-484E-BB90-ED8A6DF99960}.Release|x86.Build.0 = Release|Win32
		{7A5C8A52-0494-4156-944C-9892EB0E79C6}.Debug|x64.ActiveCfg = Debug|x64
		{7A5C8A52-0494-4156-944C-9892EB0E79C6}.Debug|x64.Build.0 = Debug|x64
		{7A5C8A52-0494-4156-944C-9892EB0E79C6}.Debug|x86.ActiveCfg = Debug|Win32
		{7A5C8A52-0494-4156-944C-9892EB0E79C6}.Debug|x86.Build.0 = Debug|Win32
		{7A5C8A52-0494-4156-944C-9892EB0E79C6}.Release|x64.ActiveCfg = Release|x64
		{7A5C8A52-0494-4156-944C-9892EB0E79C6}.Release|x64.Build.0 = Release|x64
		{7A5C8A52-0494-4156-944C-9892EB0E79C6}.Release|x86.ActiveCfg = Release|Win32
		{7A5C8A52-0494-4156-944C-9892EB0E79C6}.Release|x86.Build.0 = Release|Win32
		{BCC65F46-019F-4008-8F1E-A8DAFEC5B9B1}.Debug|x64.ActiveCfg = Debug|x64
		{BCC65F46-019F-4008-8F1E-A8DAFEC5B9B1}.Debug|x64.Build.0 = Debug|x64
		{BCC65F46-019F-4008-8F1E-A8DAFEC5B9B1}.Debug|x86.ActiveCfg = Debug|Win32
		{BCC65F46-019F-4008-8F1E-A8DAFEC5B9B1}.Debug|x86.Build.0 = Debug|Win32
		{BCC65F46-019F-4008-8F1E-A8DAFEC5B9B1}.Release|x64.ActiveCfg = Release|x64
		{BCC65F46-019F-4008-8F1E-A8DAFEC5B9B1}.Release|x64.Build.0 = Release|x64
		{BCC65F46-019F-4008-8F1E-A8DAFEC5B9B1}.Release|x86.ActiveCfg = Release|Win32
		{BCC65F46-019F-4008-8F1E-A8DAFEC5B9B1}.Release|x86.Build.0 = Release|Win32
		{337D2900-3833-438D-A79D-A4F2A8B6398C}.Debug|x64.ActiveCfg = Debug|x64
		{337D2900-3833-438D-A79D-A4F2A8B6398C}.Debug|x64.Build.0 = Debug|x64
		{337D2900-3833-438D-A79D-A4F2A8B6398C}.Debug|x86.ActiveCfg = Debug|Win32
		{337D2900-3833-438D-A79D-A4F2A8B6398C}.Debug|x86.Build.0 = Debug|Win32
		{337D2900-3833-438D-A79D-A4F2A8B6398C}.Release|x64.ActiveCfg = Release|x64
		{337D2900-3833-438D-A79D-A4F2A8B6398C}.Release|x64.Build.0 = Release|x64
		{337D2900-3833-438D-A79D-A4F2A8B6398C}.Release|x86.ActiveCfg = Release|Win32
		{337D2900-3833-438D-A79D-A4F2A8B6398C}.Release|x86.Build.0 = Release|Win32
		{13845CA0-47BA-403F-9083-ABF930900AE1}.Debug|x64.ActiveCfg = Debug|x64
		{13845CA0-47BA-403F-9083-ABF930900AE1}.Debug|x64.Build.0 = Debug|x64
		{13845CA0-47BA-403F-9083-ABF930900AE1}.Debug|x86.ActiveCfg = Debug|Win32
		{13845CA0-47BA-403F-9083-ABF930900AE1}.Debug|x86.Build.0 = Debug|Win32
		{13845CA0-47BA-403F-9083-ABF930900AE1}.Release|x64.ActiveCfg = Release|x64
		{13845CA0-47BA-403F-9083-ABF930900AE1}.Release|x64.Build.0 = Release|x64
		{13845CA0-47BA-403F-9083-ABF930900AE1}.Release|x86.ActiveCfg = Release|Win32
		{13845CA0-47BA-403F-9083-ABF930900AE1}.Release|x86.Build.0 = Release|Win32
		{40A8CC26-DC58-467C-B737-311E2E98F66A}.Debug|x64.ActiveCfg = Debug|x64
		{40A8CC26-DC58-467C-B737-311E2E98F66A}.Debug|x64.Build.0 = Debug|x64
		{40A8CC26-DC58-467C-B737-311E2E98F66A}.Debug|x86.ActiveCfg = Debug|Win32
		{40A8CC26-DC58-467C-B737-311E2E98F66A}.Debug|x86.Build.0 = Debug|Win32
		{40A8CC26-DC58-467C-B737-311E2E98F66A}.Release|x64.ActiveCfg = Release|x64
		{40A8CC26-DC58-467C-B737-311E2E98F66A}.Release|x64.Build.0 = Release|x64
		{40A8CC26-DC58-467C-B737-311E2E98F66A}.Release|x86.ActiveCfg = Release|Win32
		{40A8CC26-DC58-467C-B737-311E2E98F66A}.Release|x86.Build.0 = Release|Win32
		{1A66A6E1-7090-4935-BE5B-1DEAEE13588D}.Debug|x64.ActiveCfg = Debug|x64
		{1A66A6E1-7090-4935-BE5B-1DEAEE13588D}.Debug|x64.Build.0 = Debug|x64
		{1A66A6E1-7090-4935-BE5B-1DEAEE13588D}.Debug|x86.ActiveCfg = Debug|Win32
		{1A66A6E1-7090-4935-BE5B-1DEAEE13588D}.Debug|x86.Build.0 = Debug|Win32
		{1A66A6E1-7090-4935-BE5B-1DEAEE13588D}.Release|x64.ActiveCfg = Release|x64
		{1A66A6E1-7090-4935-BE5B-1DEAEE13588D}.Release|x64.Build.0 = Release|x64
		{1A66A6E1-7090-4935-BE5B-1DEAEE13588D}.Release|x86.ActiveCfg = Release|Win32
		{1A66A6E1-7090-4935-BE5B-1DEAEE13588D}.Release|x86.Build.0 = Release|Win32
		{B4B80856-6180-4021-91D6-976D12A7BAF5}.Debug|x64.ActiveCfg = Debug|x64
		{B4B80856-6180-4021-91D6-976D12A7BAF5}.Debug|x64.Build.0 = Debug|x64
		{B4B80856-6180-4021-91D6-976D12A7BAF5}.Debug|x86.ActiveCfg = Debug|Win32
		{B4B80856-6180-4021-91D6-976D12A7BAF5}.Debug|x86.Build.0 = Debug|Win32
		{B4B80856-6180-4021-91D6-976D12A7BAF5}.Release|x64.ActiveCfg = Release|x64
		{B4B80856-6180-4021-91D6-976D12A7BAF5}.Release|x64.Build.0 = Release|x64
		{B4B80856-6180-4021-91D6-976D12A7BAF5}.Release|x86.ActiveCfg = Release|Win32
		{B4B80856-6180-4021-91D6-976D12A7BAF5}.Release|x86.Build.0 = Release|Win32
		{56100F67-67B6-4A85-8104-CB64735022AC}.Debug|x64.ActiveCfg = Debug|x64
		{56100F67-67B6-4A85-8104-CB64735022AC}.Debug|x64.Build.0 = Debug|x64
		{56100F67-67B6-4A85-8104-CB64735022AC}.Debug|x86.ActiveCfg = Debug|Win32
		{56100F67-67B6-4A85-8104-CB64735022AC}.Debug|x86.Build.0 = Debug|Win32
		{56100F67-67B6-4A85-8104-CB64735022AC}.Release|x64.ActiveCfg = Release|x64
		{56100F67-67B6-4A85-8104-CB64735022AC}.Release|x64.Build.0 = Release|x64
		{56100F67-67B6-4A85-8104-CB64735022AC}.Release|x86.ActiveCfg = Release|Win32
		{56100F67-67B6-4A85-8104-CB64735022AC}.Release|x86.Build.0 = Release|Win32
		{F1E37964-B5DF-4DA3-9030-D6A2814BF51B}.Debug|x64.ActiveCfg = Debug|x64
		{F1E37964-B5DF-4DA3-9030-D6A2814BF51B}.Debug|x64.Build.0 = Debug|x64
		{F1E37964-B5DF-4DA3-9030-D6A2814BF51B}.Debug|x86.ActiveCfg = Debug|Win32
		{F1E37964-B5DF-4DA3-9030-D6A2814BF51B}.Debug|x86.Build.0 = Debug|Win32
		{F1E37964-B5DF-4DA3-9030-D6A2814BF51B}.Release|x64.ActiveCfg = Release|x64
		{F1E37964-B5DF-4DA3-9030-D6A2814BF51B}.Release|x64.Build.0 = Release|x64
		{F1E37964-B5DF-4DA3-9030-D6A2814BF51B}.Release|x86.ActiveCfg = Release|Win32
		{F1E37964-B5DF-4DA3-9030-D6A2814BF51B}.Release|x86.Build.0 = Release|Win32
		{3DAFF8DB-49D0-4705-9D8E-41C7A4BC736A}.Debug|x64.ActiveCfg = Debug|x64
		{3DAFF8DB-49D0-4705-9D8E-41C7A4BC736A}.Debug|x64.Build.0 = Debug|x64
		{3DAFF8DB-49D0-4705-9D8E-41C7A4BC736A}.Debug|x86.ActiveCfg = Debug|Win32
		{3DAFF8DB-49D0-4705-9D8E-41C7A4BC736A}.Debug|x86.Build.0 = Debug|Win32
		{3DAFF8DB-49D0-4705-9D8E-41C7A4BC736A}.Release|x64.ActiveCfg = Release|x64
		{3DAFF8DB-49D0-4705-9D8E-41C7A4BC736A}.Release|x64.Build.0 = Release|x64
		{3DAFF8DB-49D0-4705-9D8E-41C7A4BC736A}.Release|x86.ActiveCfg = Release|Win32
		{3DAFF8DB-49D0-4705-9D8E-41C7A4BC736A}.Release|x86.Build.0 = Release|Win32
		{4573543E-2FD3-47DB-BF82-8346A99EDA77}.Debug|x64.ActiveCfg = Debug|x64
		{4573543E-2FD3-47DB-BF82-8346A99EDA77}.Debug|x64.Build.0 = Debug|x64
		{4573543E-2FD3-47DB-BF82-8346A99EDA77}.Debug|x86.ActiveCfg = Debug|Win32
		{4573543E-2FD3-47DB-BF82-8346A99EDA77}.Debug|x86.Build.0 = Debug|Win32
		{4573543E-2FD3-47DB-BF82-8346A99EDA77}.Release|x64.ActiveCfg = Release|x64
		{4573543E-2FD3-47DB-BF82-8346A99EDA77}.Release|x64.Build.0 = Release|x64
		{4573543E-2FD3-47DB-BF82-8346A99EDA77}.Release|x86.ActiveCfg = Release|Win32
		{4573543E-2FD3-47DB-BF82-8346A99EDA77}.Release|x86.Build.0 = Release|Win32
	EndGlobalSection
	GlobalSection(SolutionProperties) = preSolution
		HideSolutionNode = FALSE
	EndGlobalSection
	GlobalSection(NestedProjects) = preSolution
		{B8DC2FB6-4AFB-4946-A48E-A802B183BFEA} = {FEBE521C-94E5-4761-B6A3-61EE45078138}
		{56F286FB-E739-4A26-8384-9CD8D5B4FEEA} = {FEBE521C-94E5-4761-B6A3-61EE45078138}
		{32833557-09CC-4A91-979D-BD331D5A98A4} = {FEBE521C-94E5-4761-B6A3-61EE45078138}
		{5C2B542C-6212-4FFF-9B15-43AD370B348C} = {FEBE521C-94E5-4761-B6A3-61EE45078138}
		{C4C79F5B-2A16-440B-B7BB-15C68822F7F7} = {FEBE521C-94E5-4761-B6A3-61EE45078138}
		{C84CF191-B091-4296-9A1C-DCBA5041AFA2} = {FEBE521C-94E5-4761-B6A3-61EE45078138}
		{A6A82547-3FFF-4FD1-B4A1-08140C88833D} = {FEBE521C-94E5-4761-B6A3-61EE45078138}
		{15CAB485-3919-48FC-AC49-454672FAA983} = {FEBE521C-94E5-4761-B6A3-61EE45078138}
		{B78C63A7-D888-455D-93D8-224D12C1091D} = {FEBE521C-94E5-4761-B6A3-61EE45078138}
		{9E346890-6FB3-4948-A51D-67194AA22DEE} = {36D591C7-65C7-A0D1-1CBC-10CDE441BDC8}
		{2B32CD8E-C407-42CD-B5CE-EC0644565349} = {36D591C7-65C7-A0D1-1CBC-10CDE441BDC8}
		{80A7BADF-33B2-42F6-986F-A6FC78B3D748} = {36D591C7-65C7-A0D1-1CBC-10CDE441BDC8}
		{68306E71-4520-4F1A-A6AB-7A3CD3399D25} = {36D591C7-65C7-A0D1-1CBC-10CDE441BDC8}
		{1E3D7EA4-1C20-4DEA-945D-1C6CE6C9097C} = {532CDBE8-DB18-4BF9-89DD-5BEEF98A276F}
		{53133403-AFFF-4249-8954-380F13DB8FE5} = {532CDBE8-DB18-4BF9-89DD-5BEEF98A276F}
		{B3F1F488-87ED-4FC2-9B77-F22219155A7D} = {532CDBE8-DB18-4BF9-89DD-5BEEF98A276F}
		{A4F4E502-C936-4424-B832-A78E655000F8} = {532CDBE8-DB18-4BF9-89DD-5BEEF98A276F}
		{F7229A6F-9FE7-4CB8-8297-09D541DE882B} = {532CDBE8-DB18-4BF9-89DD-5BEEF98A276F}
		{130EA89F-D85D-4EE4-8627-202B55923780} = {841B3FDD-35D5-41F4-A76E-3F17179EE5FD}
		{098B300F-B9E9-46D6-9121-106C4B3C59EF} = {841B3FDD-35D5-41F4-A76E-3F17179EE5FD}
		{F61F481A-9B09-4B7E-86B2-269B0DAC4D1E} = {841B3FDD-35D5-41F4-A76E-3F17179EE5FD}
		{1828D33A-7FEA-4336-9816-814280602CFF} = {841B3FDD-35D5-41F4-A76E-3F17179EE5FD}
		{3B272F1F-68BB-45C4-9194-AFAB89908F98} = {841B3FDD-35D5-41F4-A76E-3F17179EE5FD}
		{5B51CB22-4CF2-452D-AEF5-C5EE93A107E5} = {ACCBD095-A079-4506-88AE-39C7E53D4D46}
		{5FC7C87E-8C02-4A3A-B072-C486B71DE05C} = {ACCBD095-A079-4506-88AE-39C7E53D4D46}
		{ED0BCCE1-41D0-497E-8BA2-E865B374D786} = {ACCBD095-A079-4506-88AE-39C7E53D4D46}
		{B9C3551B-2CBA-41D3-BED2-22DA0964D267} = {ACCBD095-A079-4506-88AE-39C7E53D4D46}
		{40D956ED-650E-4AC2-B537-F572414B9466} = {1F187DE0-C702-4A16-84EC-32E933B4B2DF}
		{4EF4BB72-4405-4DA2-9D2D-49C608CEA312} = {1F187DE0-C702-4A16-84EC-32E933B4B2DF}
		{FBEA6AED-8002-4A2B-BAAB-F7F3BFCDA37C} = {1F187DE0-C702-4A16-84EC-32E933B4B2DF}
		{1A2205FB-438A-4F7D-8369-FA5D586A9185} = {1F187DE0-C702-4A16-84EC-32E933B4B2DF}
		{29C10840-15F3-4FDC-A0A9-F0EFDB1E7F36} = {1F187DE0-C702-4A16-84EC-32E933B4B2DF}
		{3AA3BD49-12E6-4303-9ECF-0C139B4D7C42} = {1F187DE0-C702-4A16-84EC-32E933B4B2DF}
		{17C338D8-D798-46EE-94B2-5C229D9EB93F} = {1F187DE0-C702-4A16-84EC-32E933B4B2DF}
		{CA6B0E3B-5B6C-4670-8BD0-6DAFE6A16FCF} = {EEE6339D-DA4C-4CFE-A1ED-7EE8C55478D3}
		{933B5FAE-6057-4A6A-9A8F-8A968EE817AF} = {EEE6339D-DA4C-4CFE-A1ED-7EE8C55478D3}
		{D6C46129-124F-49DB-B883-237562EC98AE} = {EEE6339D-DA4C-4CFE-A1ED-7EE8C55478D3}
		{A397C2E7-CB2F-47D5-A8EA-C15A984A5AC0} = {EEE6339D-DA4C-4CFE-A1ED-7EE8C55478D3}
		{CC90BD73-1475-43CD-88AF-190966506AF1} = {EEE6339D-DA4C-4CFE-A1ED-7EE8C55478D3}
		{E4378B1D-EA3A-4E74-B54F-C3608B219BAC} = {EEE6339D-DA4C-4CFE-A1ED-7EE8C55478D3}
		{C1285B17-8384-4C79-AFF4-B2E02A3A6464} = {EEE6339D-DA4C-4CFE-A1ED-7EE8C55478D3}
		{BE3CC752-57B1-4402-AC6A-C4DF22CE5840} = {EEE6339D-DA4C-4CFE-A1ED-7EE8C55478D3}
		{B0604E7E-9D73-49FA-B4C3-7BA7F717A934} = {EEE6339D-DA4C-4CFE-A1ED-7EE8C55478D3}
		{9DD09815-00E3-484E-BB90-ED8A6DF99960} = {584F4C00-36E3-41B0-A22D-D92DBE4EEF80}
		{7A5C8A52-0494-4156-944C-9892EB0E79C6} = {584F4C00-36E3-41B0-A22D-D92DBE4EEF80}
		{BCC65F46-019F-4008-8F1E-A8DAFEC5B9B1} = {3C3DFB0D-28C9-46E8-957D-993EB453552B}
		{337D2900-3833-438D-A79D-A4F2A8B6398C} = {3C3DFB0D-28C9-46E8-957D-993EB453552B}
		{13845CA0-47BA-403F-9083-ABF930900AE1} = {3C3DFB0D-28C9-46E8-957D-993EB453552B}
		{40A8CC26-DC58-467C-B737-311E2E98F66A} = {3C3DFB0D-28C9-46E8-957D-993EB453552B}
		{1A66A6E1-7090-4935-BE5B-1DEAEE13588D} = {729D246F-A674-462F-A000-56E88EC3BEC0}
		{B4B80856-6180-4021-91D6-976D12A7BAF5} = {729D246F-A674-462F-A000-56E88EC3BEC0}
		{56100F67-67B6-4A85-8104-CB64735022AC} = {729D246F-A674-462F-A000-56E88EC3BEC0}
		{F1E37964-B5DF-4DA3-9030-D6A2814BF51B} = {2328DF3D-C411-4095-BBC0-E17A3631B19A}
		{3DAFF8DB-49D0-4705-9D8E-41C7A4BC736A} = {4E817D25-0EC6-4C17-9080-CF5BFDE643DD}
		{4573543E-2FD3-47DB-BF82-8346A99EDA77} = {4E817D25-0EC6-4C17-9080-CF5BFDE643DD}
	EndGlobalSection
	GlobalSection(ExtensibilityGlobals) = postSolution
		SolutionGuid = {282FA4F8-FAB6-4680-B4C7-F4406F1EF4F4}
	EndGlobalSection
EndGlobal
